
Microsoft Visual Studio Solution File, Format Version 12.00
# Visual Studio Version 17
VisualStudioVersion = 17.9.34622.214
MinimumVisualStudioVersion = 10.0.40219.1
Project("{FAE04EC0-301F-11D3-BF4B-00C04F79EFBC}") = "AdoExample", "AdoExample.csproj", "{93E1267E-0517-4B3B-9271-0027B2295343}"
EndProject
Global
	GlobalSection(SolutionConfigurationPlatforms) = preSolution
		Debug|Any CPU = Debug|Any CPU
		Release|Any CPU = Release|Any CPU
	EndGlobalSection
	GlobalSection(ProjectConfigurationPlatforms) = postSolution
		{93E1267E-0517-4B3B-9271-0027B2295343}.Debug|Any CPU.ActiveCfg = Debug|Any CPU
		{93E1267E-0517-4B3B-9271-0027B2295343}.Debug|Any CPU.Build.0 = Debug|Any CPU
		{93E1267E-0517-4B3B-9271-0027B2295343}.Release|Any CPU.ActiveCfg = Release|Any CPU
		{93E1267E-0517-4B3B-9271-0027B2295343}.Release|Any CPU.Build.0 = Release|Any CPU
	EndGlobalSection
	GlobalSection(SolutionProperties) = preSolution
		HideSolutionNode = FALSE
	EndGlobalSection
	GlobalSection(ExtensibilityGlobals) = postSolution
		SolutionGuid = {15307605-80B8-4985-A0F8-E82107590EE5}
	EndGlobalSection
EndGlobal
